
Microsoft Visual Studio Solution File, Format Version 12.00
# Visual Studio Version 17
VisualStudioVersion = 17.14.36518.9 d17.14
MinimumVisualStudioVersion = 10.0.40219.1
Project("{FAE04EC0-301F-11D3-BF4B-00C04F79EFBC}") = "DoAn", "DoAn\DoAn.csproj", "{D9207988-29F7-43E8-AAA3-091732969D0C}"
EndProject
Global
	GlobalSection(SolutionConfigurationPlatforms) = preSolution
		Debug|Any CPU = Debug|Any CPU
		Release|Any CPU = Release|Any CPU
	EndGlobalSection
	GlobalSection(ProjectConfigurationPlatforms) = postSolution
		{D9207988-29F7-43E8-AAA3-091732969D0C}.Debug|Any CPU.ActiveCfg = Debug|Any CPU
		{D9207988-29F7-43E8-AAA3-091732969D0C}.Debug|Any CPU.Build.0 = Debug|Any CPU
		{D9207988-29F7-43E8-AAA3-091732969D0C}.Release|Any CPU.ActiveCfg = Release|Any CPU
		{D9207988-29F7-43E8-AAA3-091732969D0C}.Release|Any CPU.Build.0 = Release|Any CPU
	EndGlobalSection
	GlobalSection(SolutionProperties) = preSolution
		HideSolutionNode = FALSE
	EndGlobalSection
	GlobalSection(ExtensibilityGlobals) = postSolution
		SolutionGuid = {DEE58BF8-0AC3-4A5F-83BF-762892677C4F}
	EndGlobalSection
EndGlobal
